
Microsoft Visual Studio Solution File, Format Version 12.00
# Visual Studio Version 17
VisualStudioVersion = 17.6.33723.286
MinimumVisualStudioVersion = 10.0.40219.1
Project("{9A19103F-16F7-4668-BE54-9A1E7A4F7556}") = "MovieProject", "MovieProject.csproj", "{D3740827-0A27-4147-9967-DC449AC2F0D7}"
EndProject
Global
	GlobalSection(SolutionConfigurationPlatforms) = preSolution
		Debug|Any CPU = Debug|Any CPU
		Release|Any CPU = Release|Any CPU
	EndGlobalSection
	GlobalSection(ProjectConfigurationPlatforms) = postSolution
		{D3740827-0A27-4147-9967-DC449AC2F0D7}.Debug|Any CPU.ActiveCfg = Debug|Any CPU
		{D3740827-0A27-4147-9967-DC449AC2F0D7}.Debug|Any CPU.Build.0 = Debug|Any CPU
		{D3740827-0A27-4147-9967-DC449AC2F0D7}.Release|Any CPU.ActiveCfg = Release|Any CPU
		{D3740827-0A27-4147-9967-DC449AC2F0D7}.Release|Any CPU.Build.0 = Release|Any CPU
	EndGlobalSection
	GlobalSection(SolutionProperties) = preSolution
		HideSolutionNode = FALSE
	EndGlobalSection
	GlobalSection(ExtensibilityGlobals) = postSolution
		SolutionGuid = {BAA3A865-CCE4-49D0-9411-FF842E163AA9}
	EndGlobalSection
EndGlobal
